
Microsoft Visual Studio Solution File, Format Version 12.00
# Visual Studio Version 17
VisualStudioVersion = 17.2.32505.173
MinimumVisualStudioVersion = 10.0.40219.1
Project("{FAE04EC0-301F-11D3-BF4B-00C04F79EFBC}") = "MyApp", "MyApp.csproj", "{A5CE1346-52D1-4147-884C-7CFA32FD6847}"
EndProject
Global
	GlobalSection(SolutionConfigurationPlatforms) = preSolution
		Debug|Any CPU = Debug|Any CPU
		Release|Any CPU = Release|Any CPU
	EndGlobalSection
	GlobalSection(ProjectConfigurationPlatforms) = postSolution
		{A5CE1346-52D1-4147-884C-7CFA32FD6847}.Debug|Any CPU.ActiveCfg = Debug|Any CPU
		{A5CE1346-52D1-4147-884C-7CFA32FD6847}.Debug|Any CPU.Build.0 = Debug|Any CPU
		{A5CE1346-52D1-4147-884C-7CFA32FD6847}.Release|Any CPU.ActiveCfg = Release|Any CPU
		{A5CE1346-52D1-4147-884C-7CFA32FD6847}.Release|Any CPU.Build.0 = Release|Any CPU
	EndGlobalSection
	GlobalSection(SolutionProperties) = preSolution
		HideSolutionNode = FALSE
	EndGlobalSection
	GlobalSection(ExtensibilityGlobals) = postSolution
		SolutionGuid = {EFA24361-4F62-4908-B1E7-C15039105648}
	EndGlobalSection
EndGlobal
